// !$*UTF8*$!
{
	archiveVersion = 1;
	classes = {
	};
	objectVersion = 54;
	objects = {

/* Begin PBXBuildFile section */
		0DB838F85C09EF899E431F78 /* Pods_IMQChatExample.framework in Frameworks */ = {isa = PBXBuildFile; fileRef = 10FFFA104023E20526C21D6D /* Pods_IMQChatExample.framework */; };
		181EE6542B23512F0043817F /* NodeViewModel.swift in Sources */ = {isa = PBXBuildFile; fileRef = 181EE63F2B23512F0043817F /* NodeViewModel.swift */; };
		181EE6552B23512F0043817F /* MineSettingViewModel.swift in Sources */ = {isa = PBXBuildFile; fileRef = 181EE6402B23512F0043817F /* MineSettingViewModel.swift */; };
		181EE6562B23512F0043817F /* PersonInfoViewModel.swift in Sources */ = {isa = PBXBuildFile; fileRef = 181EE6412B23512F0043817F /* PersonInfoViewModel.swift */; };
		181EE6572B23512F0043817F /* MessageRemindViewModel.swift in Sources */ = {isa = PBXBuildFile; fileRef = 181EE6422B23512F0043817F /* MessageRemindViewModel.swift */; };
		181EE6582B23512F0043817F /* IntroduceViewModel.swift in Sources */ = {isa = PBXBuildFile; fileRef = 181EE6432B23512F0043817F /* IntroduceViewModel.swift */; };
		181EE6592B23512F0043817F /* MeViewController.swift in Sources */ = {isa = PBXBuildFile; fileRef = 181EE6452B23512F0043817F /* MeViewController.swift */; };
		181EE65A2B23512F0043817F /* NEAboutWebViewController.swift in Sources */ = {isa = PBXBuildFile; fileRef = 181EE6462B23512F0043817F /* NEAboutWebViewController.swift */; };
		181EE65B2B23512F0043817F /* NELoginViewController.swift in Sources */ = {isa = PBXBuildFile; fileRef = 181EE6472B23512F0043817F /* NELoginViewController.swift */; };
		181EE65C2B23512F0043817F /* InputPersonInfoController.swift in Sources */ = {isa = PBXBuildFile; fileRef = 181EE6482B23512F0043817F /* InputPersonInfoController.swift */; };
		181EE65D2B23512F0043817F /* MineSettingViewController.swift in Sources */ = {isa = PBXBuildFile; fileRef = 181EE6492B23512F0043817F /* MineSettingViewController.swift */; };
		181EE65E2B23512F0043817F /* MessageRemindViewController.swift in Sources */ = {isa = PBXBuildFile; fileRef = 181EE64A2B23512F0043817F /* MessageRemindViewController.swift */; };
		181EE65F2B23512F0043817F /* NENodeViewController.swift in Sources */ = {isa = PBXBuildFile; fileRef = 181EE64B2B23512F0043817F /* NENodeViewController.swift */; };
		181EE6602B23512F0043817F /* PersonInfoViewController.swift in Sources */ = {isa = PBXBuildFile; fileRef = 181EE64C2B23512F0043817F /* PersonInfoViewController.swift */; };
		181EE6612B23512F0043817F /* ConfigTestViewController.swift in Sources */ = {isa = PBXBuildFile; fileRef = 181EE64D2B23512F0043817F /* ConfigTestViewController.swift */; };
		181EE6622B23512F0043817F /* IntroduceBrandViewController.swift in Sources */ = {isa = PBXBuildFile; fileRef = 181EE64E2B23512F0043817F /* IntroduceBrandViewController.swift */; };
		181EE6632B23512F0043817F /* MineTableViewCell.swift in Sources */ = {isa = PBXBuildFile; fileRef = 181EE6502B23512F0043817F /* MineTableViewCell.swift */; };
		181EE6642B23512F0043817F /* BirthdayDatePickerView.swift in Sources */ = {isa = PBXBuildFile; fileRef = 181EE6512B23512F0043817F /* BirthdayDatePickerView.swift */; };
		181EE6652B23512F0043817F /* NodeSelectCell.swift in Sources */ = {isa = PBXBuildFile; fileRef = 181EE6522B23512F0043817F /* NodeSelectCell.swift */; };
		181EE6662B23512F0043817F /* VersionCell.swift in Sources */ = {isa = PBXBuildFile; fileRef = 181EE6532B23512F0043817F /* VersionCell.swift */; };
		183776DF2D9E77BE005F4255 /* DemoService.swift in Sources */ = {isa = PBXBuildFile; fileRef = 183776DD2D9E77BE005F4255 /* DemoService.swift */; };
		39572AAB28C6F74D007A9526 /* InfoPlist.strings in Resources */ = {isa = PBXBuildFile; fileRef = 39572AAD28C6F74D007A9526 /* InfoPlist.strings */; };
		39A36F8128002CFF009B07A9 /* NETabBarController.swift in Sources */ = {isa = PBXBuildFile; fileRef = 39A36F8028002CFF009B07A9 /* NETabBarController.swift */; };
		39A39BA928C5A2B70001B638 /* Localizable.strings in Resources */ = {isa = PBXBuildFile; fileRef = 39A39BAB28C5A2B80001B638 /* Localizable.strings */; };
		39F793C827E20434007F63FF /* NENavigationController.swift in Sources */ = {isa = PBXBuildFile; fileRef = 39F793C727E20434007F63FF /* NENavigationController.swift */; };
		4B3B9BDF277AFEE50091A74E /* AppDelegate.swift in Sources */ = {isa = PBXBuildFile; fileRef = 4B3B9BDE277AFEE50091A74E /* AppDelegate.swift */; };
		4B3B9BE3277AFEE50091A74E /* ViewController.swift in Sources */ = {isa = PBXBuildFile; fileRef = 4B3B9BE2277AFEE50091A74E /* ViewController.swift */; };
		4B3B9BE6277AFEE50091A74E /* Main.storyboard in Resources */ = {isa = PBXBuildFile; fileRef = 4B3B9BE4277AFEE50091A74E /* Main.storyboard */; };
		4B3B9BE8277AFEE70091A74E /* Assets.xcassets in Resources */ = {isa = PBXBuildFile; fileRef = 4B3B9BE7277AFEE70091A74E /* Assets.xcassets */; };
		4B3B9BEB277AFEE70091A74E /* LaunchScreen.storyboard in Resources */ = {isa = PBXBuildFile; fileRef = 4B3B9BE9277AFEE70091A74E /* LaunchScreen.storyboard */; };
		9EA2014127BE4B4800F8BBD0 /* AppKey.swift in Sources */ = {isa = PBXBuildFile; fileRef = 9EA2014027BE4B4800F8BBD0 /* AppKey.swift */; };
/* End PBXBuildFile section */

/* Begin PBXCopyFilesBuildPhase section */
		39722F9327998A14007BFC8B /* Embed Frameworks */ = {
			isa = PBXCopyFilesBuildPhase;
			buildActionMask = 2147483647;
			dstPath = "";
			dstSubfolderSpec = 10;
			files = (
			);
			name = "Embed Frameworks";
			runOnlyForDeploymentPostprocessing = 0;
		};
/* End PBXCopyFilesBuildPhase section */

/* Begin PBXFileReference section */
		0181C0F627BE5EB300A44E80 /* en */ = {isa = PBXFileReference; lastKnownFileType = text.plist.strings; name = en; path = en.lproj/Main.strings; sourceTree = "<group>"; };
		0181C0F827BE5EB800A44E80 /* en */ = {isa = PBXFileReference; lastKnownFileType = text.plist.strings; name = en; path = en.lproj/LaunchScreen.strings; sourceTree = "<group>"; };
		01B0A28E2816CF41009065C5 /* IMUIKitExample.entitlements */ = {isa = PBXFileReference; lastKnownFileType = text.plist.entitlements; path = IMUIKitExample.entitlements; sourceTree = "<group>"; };
		01C0FC0F27BE754400C32949 /* zh-Hans */ = {isa = PBXFileReference; lastKnownFileType = text.plist.strings; name = "zh-Hans"; path = "zh-Hans.lproj/Main.strings"; sourceTree = "<group>"; };
		01C0FC1027BE754500C32949 /* zh-Hans */ = {isa = PBXFileReference; lastKnownFileType = text.plist.strings; name = "zh-Hans"; path = "zh-Hans.lproj/LaunchScreen.strings"; sourceTree = "<group>"; };
		10FFFA104023E20526C21D6D /* Pods_IMQChatExample.framework */ = {isa = PBXFileReference; explicitFileType = wrapper.framework; includeInIndex = 0; path = Pods_IMQChatExample.framework; sourceTree = BUILT_PRODUCTS_DIR; };
		181EE63F2B23512F0043817F /* NodeViewModel.swift */ = {isa = PBXFileReference; fileEncoding = 4; lastKnownFileType = sourcecode.swift; path = NodeViewModel.swift; sourceTree = "<group>"; };
		181EE6402B23512F0043817F /* MineSettingViewModel.swift */ = {isa = PBXFileReference; fileEncoding = 4; lastKnownFileType = sourcecode.swift; path = MineSettingViewModel.swift; sourceTree = "<group>"; };
		181EE6412B23512F0043817F /* PersonInfoViewModel.swift */ = {isa = PBXFileReference; fileEncoding = 4; lastKnownFileType = sourcecode.swift; path = PersonInfoViewModel.swift; sourceTree = "<group>"; };
		181EE6422B23512F0043817F /* MessageRemindViewModel.swift */ = {isa = PBXFileReference; fileEncoding = 4; lastKnownFileType = sourcecode.swift; path = MessageRemindViewModel.swift; sourceTree = "<group>"; };
		181EE6432B23512F0043817F /* IntroduceViewModel.swift */ = {isa = PBXFileReference; fileEncoding = 4; lastKnownFileType = sourcecode.swift; path = IntroduceViewModel.swift; sourceTree = "<group>"; };
		181EE6452B23512F0043817F /* MeViewController.swift */ = {isa = PBXFileReference; fileEncoding = 4; lastKnownFileType = sourcecode.swift; path = MeViewController.swift; sourceTree = "<group>"; };
		181EE6462B23512F0043817F /* NEAboutWebViewController.swift */ = {isa = PBXFileReference; fileEncoding = 4; lastKnownFileType = sourcecode.swift; path = NEAboutWebViewController.swift; sourceTree = "<group>"; };
		181EE6472B23512F0043817F /* NELoginViewController.swift */ = {isa = PBXFileReference; fileEncoding = 4; lastKnownFileType = sourcecode.swift; path = NELoginViewController.swift; sourceTree = "<group>"; };
		181EE6482B23512F0043817F /* InputPersonInfoController.swift */ = {isa = PBXFileReference; fileEncoding = 4; lastKnownFileType = sourcecode.swift; path = InputPersonInfoController.swift; sourceTree = "<group>"; };
		181EE6492B23512F0043817F /* MineSettingViewController.swift */ = {isa = PBXFileReference; fileEncoding = 4; lastKnownFileType = sourcecode.swift; path = MineSettingViewController.swift; sourceTree = "<group>"; };
		181EE64A2B23512F0043817F /* MessageRemindViewController.swift */ = {isa = PBXFileReference; fileEncoding = 4; lastKnownFileType = sourcecode.swift; path = MessageRemindViewController.swift; sourceTree = "<group>"; };
		181EE64B2B23512F0043817F /* NENodeViewController.swift */ = {isa = PBXFileReference; fileEncoding = 4; lastKnownFileType = sourcecode.swift; path = NENodeViewController.swift; sourceTree = "<group>"; };
		181EE64C2B23512F0043817F /* PersonInfoViewController.swift */ = {isa = PBXFileReference; fileEncoding = 4; lastKnownFileType = sourcecode.swift; path = PersonInfoViewController.swift; sourceTree = "<group>"; };
		181EE64D2B23512F0043817F /* ConfigTestViewController.swift */ = {isa = PBXFileReference; fileEncoding = 4; lastKnownFileType = sourcecode.swift; path = ConfigTestViewController.swift; sourceTree = "<group>"; };
		181EE64E2B23512F0043817F /* IntroduceBrandViewController.swift */ = {isa = PBXFileReference; fileEncoding = 4; lastKnownFileType = sourcecode.swift; path = IntroduceBrandViewController.swift; sourceTree = "<group>"; };
		181EE6502B23512F0043817F /* MineTableViewCell.swift */ = {isa = PBXFileReference; fileEncoding = 4; lastKnownFileType = sourcecode.swift; path = MineTableViewCell.swift; sourceTree = "<group>"; };
		181EE6512B23512F0043817F /* BirthdayDatePickerView.swift */ = {isa = PBXFileReference; fileEncoding = 4; lastKnownFileType = sourcecode.swift; path = BirthdayDatePickerView.swift; sourceTree = "<group>"; };
		181EE6522B23512F0043817F /* NodeSelectCell.swift */ = {isa = PBXFileReference; fileEncoding = 4; lastKnownFileType = sourcecode.swift; path = NodeSelectCell.swift; sourceTree = "<group>"; };
		181EE6532B23512F0043817F /* VersionCell.swift */ = {isa = PBXFileReference; fileEncoding = 4; lastKnownFileType = sourcecode.swift; path = VersionCell.swift; sourceTree = "<group>"; };
		183776DD2D9E77BE005F4255 /* DemoService.swift */ = {isa = PBXFileReference; lastKnownFileType = sourcecode.swift; path = DemoService.swift; sourceTree = "<group>"; };
		18D0A2A428D564CB00788205 /* UIKit.framework */ = {isa = PBXFileReference; lastKnownFileType = wrapper.framework; name = UIKit.framework; path = Platforms/MacOSX.platform/Developer/SDKs/MacOSX12.3.sdk/System/iOSSupport/System/Library/Frameworks/UIKit.framework; sourceTree = DEVELOPER_DIR; };
		18D0A2A628D564DF00788205 /* CoreGraphics.framework */ = {isa = PBXFileReference; lastKnownFileType = wrapper.framework; name = CoreGraphics.framework; path = Platforms/MacOSX.platform/Developer/SDKs/MacOSX12.3.sdk/System/Library/Frameworks/CoreGraphics.framework; sourceTree = DEVELOPER_DIR; };
		18D0A2A828D5674400788205 /* CocoaLumberjack.framework */ = {isa = PBXFileReference; explicitFileType = wrapper.framework; path = CocoaLumberjack.framework; sourceTree = BUILT_PRODUCTS_DIR; };
		39572AAC28C6F74D007A9526 /* en */ = {isa = PBXFileReference; lastKnownFileType = text.plist.strings; name = en; path = en.lproj/InfoPlist.strings; sourceTree = "<group>"; };
		39A36F8028002CFF009B07A9 /* NETabBarController.swift */ = {isa = PBXFileReference; lastKnownFileType = sourcecode.swift; path = NETabBarController.swift; sourceTree = "<group>"; };
		39A39BAA28C5A2B80001B638 /* en */ = {isa = PBXFileReference; lastKnownFileType = text.plist.strings; name = en; path = en.lproj/Localizable.strings; sourceTree = "<group>"; };
		39A39BAC28C5A2BA0001B638 /* zh-Hans */ = {isa = PBXFileReference; lastKnownFileType = text.plist.strings; name = "zh-Hans"; path = "zh-Hans.lproj/Localizable.strings"; sourceTree = "<group>"; };
		39F793C727E20434007F63FF /* NENavigationController.swift */ = {isa = PBXFileReference; lastKnownFileType = sourcecode.swift; path = NENavigationController.swift; sourceTree = "<group>"; };
		4B3B9BDB277AFEE50091A74E /* IMQChatExample.app */ = {isa = PBXFileReference; explicitFileType = wrapper.application; includeInIndex = 0; path = IMQChatExample.app; sourceTree = BUILT_PRODUCTS_DIR; };
		4B3B9BDE277AFEE50091A74E /* AppDelegate.swift */ = {isa = PBXFileReference; lastKnownFileType = sourcecode.swift; path = AppDelegate.swift; sourceTree = "<group>"; };
		4B3B9BE2277AFEE50091A74E /* ViewController.swift */ = {isa = PBXFileReference; lastKnownFileType = sourcecode.swift; path = ViewController.swift; sourceTree = "<group>"; };
		4B3B9BE5277AFEE50091A74E /* Base */ = {isa = PBXFileReference; lastKnownFileType = file.storyboard; name = Base; path = Base.lproj/Main.storyboard; sourceTree = "<group>"; };
		4B3B9BE7277AFEE70091A74E /* Assets.xcassets */ = {isa = PBXFileReference; lastKnownFileType = folder.assetcatalog; path = Assets.xcassets; sourceTree = "<group>"; };
		4B3B9BEA277AFEE70091A74E /* Base */ = {isa = PBXFileReference; lastKnownFileType = file.storyboard; name = Base; path = Base.lproj/LaunchScreen.storyboard; sourceTree = "<group>"; };
		4B3B9BEC277AFEE70091A74E /* Info.plist */ = {isa = PBXFileReference; lastKnownFileType = text.plist.xml; path = Info.plist; sourceTree = "<group>"; };
		9E7069411A7E30901E5E9943 /* Pods-IMQChatExample.debug.xcconfig */ = {isa = PBXFileReference; includeInIndex = 1; lastKnownFileType = text.xcconfig; name = "Pods-IMQChatExample.debug.xcconfig"; path = "Target Support Files/Pods-IMQChatExample/Pods-IMQChatExample.debug.xcconfig"; sourceTree = "<group>"; };
		9EA2014027BE4B4800F8BBD0 /* AppKey.swift */ = {isa = PBXFileReference; fileEncoding = 4; lastKnownFileType = sourcecode.swift; path = AppKey.swift; sourceTree = "<group>"; };
		D5757FFF2530367EF0005899 /* Pods-IMQChatExample.release.xcconfig */ = {isa = PBXFileReference; includeInIndex = 1; lastKnownFileType = text.xcconfig; name = "Pods-IMQChatExample.release.xcconfig"; path = "Target Support Files/Pods-IMQChatExample/Pods-IMQChatExample.release.xcconfig"; sourceTree = "<group>"; };
		DD4ADFA629878A8400C61D55 /* IMUIKitExample-Bridging-Header.h */ = {isa = PBXFileReference; lastKnownFileType = sourcecode.c.h; path = "IMUIKitExample-Bridging-Header.h"; sourceTree = "<group>"; };
/* End PBXFileReference section */

/* Begin PBXFrameworksBuildPhase section */
		4B3B9BD8277AFEE50091A74E /* Frameworks */ = {
			isa = PBXFrameworksBuildPhase;
			buildActionMask = 2147483647;
			files = (
				0DB838F85C09EF899E431F78 /* Pods_IMQChatExample.framework in Frameworks */,
			);
			runOnlyForDeploymentPostprocessing = 0;
		};
/* End PBXFrameworksBuildPhase section */

/* Begin PBXGroup section */
		181EE63D2B23512F0043817F /* Mine */ = {
			isa = PBXGroup;
			children = (
				181EE63E2B23512F0043817F /* ViewModel */,
				181EE6442B23512F0043817F /* Controller */,
				181EE64F2B23512F0043817F /* View */,
			);
			path = Mine;
			sourceTree = "<group>";
		};
		181EE63E2B23512F0043817F /* ViewModel */ = {
			isa = PBXGroup;
			children = (
				181EE63F2B23512F0043817F /* NodeViewModel.swift */,
				181EE6402B23512F0043817F /* MineSettingViewModel.swift */,
				181EE6412B23512F0043817F /* PersonInfoViewModel.swift */,
				181EE6422B23512F0043817F /* MessageRemindViewModel.swift */,
				181EE6432B23512F0043817F /* IntroduceViewModel.swift */,
			);
			path = ViewModel;
			sourceTree = "<group>";
		};
		181EE6442B23512F0043817F /* Controller */ = {
			isa = PBXGroup;
			children = (
				181EE6452B23512F0043817F /* MeViewController.swift */,
				181EE6462B23512F0043817F /* NEAboutWebViewController.swift */,
				181EE6472B23512F0043817F /* NELoginViewController.swift */,
				181EE6482B23512F0043817F /* InputPersonInfoController.swift */,
				181EE6492B23512F0043817F /* MineSettingViewController.swift */,
				181EE64A2B23512F0043817F /* MessageRemindViewController.swift */,
				181EE64B2B23512F0043817F /* NENodeViewController.swift */,
				181EE64C2B23512F0043817F /* PersonInfoViewController.swift */,
				181EE64D2B23512F0043817F /* ConfigTestViewController.swift */,
				181EE64E2B23512F0043817F /* IntroduceBrandViewController.swift */,
			);
			path = Controller;
			sourceTree = "<group>";
		};
		181EE64F2B23512F0043817F /* View */ = {
			isa = PBXGroup;
			children = (
				181EE6502B23512F0043817F /* MineTableViewCell.swift */,
				181EE6512B23512F0043817F /* BirthdayDatePickerView.swift */,
				181EE6522B23512F0043817F /* NodeSelectCell.swift */,
				181EE6532B23512F0043817F /* VersionCell.swift */,
			);
			path = View;
			sourceTree = "<group>";
		};
		183776DE2D9E77BE005F4255 /* Manager */ = {
			isa = PBXGroup;
			children = (
				183776DD2D9E77BE005F4255 /* DemoService.swift */,
			);
			path = Manager;
			sourceTree = "<group>";
		};
		39A2F24128D9DF9100DDCAF2 /* Main */ = {
			isa = PBXGroup;
			children = (
				39F793C727E20434007F63FF /* NENavigationController.swift */,
				39A36F8028002CFF009B07A9 /* NETabBarController.swift */,
				4B3B9BDE277AFEE50091A74E /* AppDelegate.swift */,
				9EA2014027BE4B4800F8BBD0 /* AppKey.swift */,
				4B3B9BE2277AFEE50091A74E /* ViewController.swift */,
			);
			path = Main;
			sourceTree = "<group>";
		};
		4B3B9BD2277AFEE50091A74E = {
			isa = PBXGroup;
			children = (
				4B3B9BDD277AFEE50091A74E /* IMQChatExample */,
				4B3B9BDC277AFEE50091A74E /* Products */,
				8B20C38944CC1FA6CAB21600 /* Frameworks */,
				F552B53527F5CDE6D78E0094 /* Pods */,
			);
			sourceTree = "<group>";
		};
		4B3B9BDC277AFEE50091A74E /* Products */ = {
			isa = PBXGroup;
			children = (
				4B3B9BDB277AFEE50091A74E /* IMQChatExample.app */,
			);
			name = Products;
			sourceTree = "<group>";
		};
		4B3B9BDD277AFEE50091A74E /* IMQChatExample */ = {
			isa = PBXGroup;
			children = (
				183776DE2D9E77BE005F4255 /* Manager */,
				181EE63D2B23512F0043817F /* Mine */,
				39A2F24128D9DF9100DDCAF2 /* Main */,
				01B0A28E2816CF41009065C5 /* IMUIKitExample.entitlements */,
				39A39BAB28C5A2B80001B638 /* Localizable.strings */,
				4B3B9BE4277AFEE50091A74E /* Main.storyboard */,
				4B3B9BE7277AFEE70091A74E /* Assets.xcassets */,
				4B3B9BE9277AFEE70091A74E /* LaunchScreen.storyboard */,
				4B3B9BEC277AFEE70091A74E /* Info.plist */,
				39572AAD28C6F74D007A9526 /* InfoPlist.strings */,
				DD4ADFA629878A8400C61D55 /* IMUIKitExample-Bridging-Header.h */,
			);
			path = IMQChatExample;
			sourceTree = "<group>";
		};
		8B20C38944CC1FA6CAB21600 /* Frameworks */ = {
			isa = PBXGroup;
			children = (
				18D0A2A828D5674400788205 /* CocoaLumberjack.framework */,
				18D0A2A628D564DF00788205 /* CoreGraphics.framework */,
				18D0A2A428D564CB00788205 /* UIKit.framework */,
				10FFFA104023E20526C21D6D /* Pods_IMQChatExample.framework */,
			);
			name = Frameworks;
			sourceTree = "<group>";
		};
		F552B53527F5CDE6D78E0094 /* Pods */ = {
			isa = PBXGroup;
			children = (
				9E7069411A7E30901E5E9943 /* Pods-IMQChatExample.debug.xcconfig */,
				D5757FFF2530367EF0005899 /* Pods-IMQChatExample.release.xcconfig */,
			);
			path = Pods;
			sourceTree = "<group>";
		};
/* End PBXGroup section */

/* Begin PBXNativeTarget section */
		4B3B9BDA277AFEE50091A74E /* IMQChatExample */ = {
			isa = PBXNativeTarget;
			buildConfigurationList = 4B3B9BEF277AFEE70091A74E /* Build configuration list for PBXNativeTarget "IMQChatExample" */;
			buildPhases = (
				9740DF6B83B63E65EE4A9825 /* [CP] Check Pods Manifest.lock */,
				4B3B9BD7277AFEE50091A74E /* Sources */,
				4B3B9BD8277AFEE50091A74E /* Frameworks */,
				4B3B9BD9277AFEE50091A74E /* Resources */,
				39722F9327998A14007BFC8B /* Embed Frameworks */,
				2C8B365BAA9F409DC49C94CC /* [CP] Embed Pods Frameworks */,
				137E50D1AD0E84C29605A298 /* [CP] Copy Pods Resources */,
			);
			buildRules = (
			);
			dependencies = (
			);
			name = IMQChatExample;
			productName = IMUIKitExample;
			productReference = 4B3B9BDB277AFEE50091A74E /* IMQChatExample.app */;
			productType = "com.apple.product-type.application";
		};
/* End PBXNativeTarget section */

/* Begin PBXProject section */
		4B3B9BD3277AFEE50091A74E /* Project object */ = {
			isa = PBXProject;
			attributes = {
				BuildIndependentTargetsInParallel = 1;
				LastSwiftUpdateCheck = 1400;
				LastUpgradeCheck = 1410;
				ORGANIZATIONNAME = NetEase;
				TargetAttributes = {
					4B3B9BDA277AFEE50091A74E = {
						CreatedOnToolsVersion = 13.0;
						LastSwiftMigration = 1410;
					};
				};
			};
			buildConfigurationList = 4B3B9BD6277AFEE50091A74E /* Build configuration list for PBXProject "IMQChatExample" */;
			compatibilityVersion = "Xcode 10.0";
			developmentRegion = en;
			hasScannedForEncodings = 0;
			knownRegions = (
				en,
				Base,
				"zh-Hans",
			);
			mainGroup = 4B3B9BD2277AFEE50091A74E;
			productRefGroup = 4B3B9BDC277AFEE50091A74E /* Products */;
			projectDirPath = "";
			projectRoot = "";
			targets = (
				4B3B9BDA277AFEE50091A74E /* IMQChatExample */,
			);
		};
/* End PBXProject section */

/* Begin PBXResourcesBuildPhase section */
		4B3B9BD9277AFEE50091A74E /* Resources */ = {
			isa = PBXResourcesBuildPhase;
			buildActionMask = 2147483647;
			files = (
				4B3B9BEB277AFEE70091A74E /* LaunchScreen.storyboard in Resources */,
				39A39BA928C5A2B70001B638 /* Localizable.strings in Resources */,
				4B3B9BE8277AFEE70091A74E /* Assets.xcassets in Resources */,
				4B3B9BE6277AFEE50091A74E /* Main.storyboard in Resources */,
				39572AAB28C6F74D007A9526 /* InfoPlist.strings in Resources */,
			);
			runOnlyForDeploymentPostprocessing = 0;
		};
/* End PBXResourcesBuildPhase section */

/* Begin PBXShellScriptBuildPhase section */
		137E50D1AD0E84C29605A298 /* [CP] Copy Pods Resources */ = {
			isa = PBXShellScriptBuildPhase;
			buildActionMask = 2147483647;
			files = (
			);
			inputFileListPaths = (
				"${PODS_ROOT}/Target Support Files/Pods-IMQChatExample/Pods-IMQChatExample-resources-${CONFIGURATION}-input-files.xcfilelist",
			);
			name = "[CP] Copy Pods Resources";
			outputFileListPaths = (
				"${PODS_ROOT}/Target Support Files/Pods-IMQChatExample/Pods-IMQChatExample-resources-${CONFIGURATION}-output-files.xcfilelist",
			);
			runOnlyForDeploymentPostprocessing = 0;
			shellPath = /bin/sh;
			shellScript = "\"${PODS_ROOT}/Target Support Files/Pods-IMQChatExample/Pods-IMQChatExample-resources.sh\"\n";
			showEnvVarsInLog = 0;
		};
		2C8B365BAA9F409DC49C94CC /* [CP] Embed Pods Frameworks */ = {
			isa = PBXShellScriptBuildPhase;
			buildActionMask = 2147483647;
			files = (
			);
			inputFileListPaths = (
				"${PODS_ROOT}/Target Support Files/Pods-IMQChatExample/Pods-IMQChatExample-frameworks-${CONFIGURATION}-input-files.xcfilelist",
			);
			name = "[CP] Embed Pods Frameworks";
			outputFileListPaths = (
				"${PODS_ROOT}/Target Support Files/Pods-IMQChatExample/Pods-IMQChatExample-frameworks-${CONFIGURATION}-output-files.xcfilelist",
			);
			runOnlyForDeploymentPostprocessing = 0;
			shellPath = /bin/sh;
			shellScript = "\"${PODS_ROOT}/Target Support Files/Pods-IMQChatExample/Pods-IMQChatExample-frameworks.sh\"\n";
			showEnvVarsInLog = 0;
		};
		9740DF6B83B63E65EE4A9825 /* [CP] Check Pods Manifest.lock */ = {
			isa = PBXShellScriptBuildPhase;
			buildActionMask = 2147483647;
			files = (
			);
			inputFileListPaths = (
			);
			inputPaths = (
				"${PODS_PODFILE_DIR_PATH}/Podfile.lock",
				"${PODS_ROOT}/Manifest.lock",
			);
			name = "[CP] Check Pods Manifest.lock";
			outputFileListPaths = (
			);
			outputPaths = (
				"$(DERIVED_FILE_DIR)/Pods-IMQChatExample-checkManifestLockResult.txt",
			);
			runOnlyForDeploymentPostprocessing = 0;
			shellPath = /bin/sh;
			shellScript = "diff \"${PODS_PODFILE_DIR_PATH}/Podfile.lock\" \"${PODS_ROOT}/Manifest.lock\" > /dev/null\nif [ $? != 0 ] ; then\n    # print error to STDERR\n    echo \"error: The sandbox is not in sync with the Podfile.lock. Run 'pod install' or update your CocoaPods installation.\" >&2\n    exit 1\nfi\n# This output is used by Xcode 'outputs' to avoid re-running this script phase.\necho \"SUCCESS\" > \"${SCRIPT_OUTPUT_FILE_0}\"\n";
			showEnvVarsInLog = 0;
		};
/* End PBXShellScriptBuildPhase section */

/* Begin PBXSourcesBuildPhase section */
		4B3B9BD7277AFEE50091A74E /* Sources */ = {
			isa = PBXSourcesBuildPhase;
			buildActionMask = 2147483647;
			files = (
				181EE6632B23512F0043817F /* MineTableViewCell.swift in Sources */,
				181EE6612B23512F0043817F /* ConfigTestViewController.swift in Sources */,
				181EE6662B23512F0043817F /* VersionCell.swift in Sources */,
				39F793C827E20434007F63FF /* NENavigationController.swift in Sources */,
				181EE65C2B23512F0043817F /* InputPersonInfoController.swift in Sources */,
				181EE6592B23512F0043817F /* MeViewController.swift in Sources */,
				181EE6622B23512F0043817F /* IntroduceBrandViewController.swift in Sources */,
				181EE6552B23512F0043817F /* MineSettingViewModel.swift in Sources */,
				9EA2014127BE4B4800F8BBD0 /* AppKey.swift in Sources */,
				181EE6562B23512F0043817F /* PersonInfoViewModel.swift in Sources */,
				181EE65D2B23512F0043817F /* MineSettingViewController.swift in Sources */,
				4B3B9BE3277AFEE50091A74E /* ViewController.swift in Sources */,
				39A36F8128002CFF009B07A9 /* NETabBarController.swift in Sources */,
				181EE6582B23512F0043817F /* IntroduceViewModel.swift in Sources */,
				181EE6652B23512F0043817F /* NodeSelectCell.swift in Sources */,
				181EE65A2B23512F0043817F /* NEAboutWebViewController.swift in Sources */,
				181EE6542B23512F0043817F /* NodeViewModel.swift in Sources */,
				181EE65F2B23512F0043817F /* NENodeViewController.swift in Sources */,
				181EE6602B23512F0043817F /* PersonInfoViewController.swift in Sources */,
				4B3B9BDF277AFEE50091A74E /* AppDelegate.swift in Sources */,
				183776DF2D9E77BE005F4255 /* DemoService.swift in Sources */,
				181EE65E2B23512F0043817F /* MessageRemindViewController.swift in Sources */,
				181EE6642B23512F0043817F /* BirthdayDatePickerView.swift in Sources */,
				181EE6572B23512F0043817F /* MessageRemindViewModel.swift in Sources */,
				181EE65B2B23512F0043817F /* NELoginViewController.swift in Sources */,
			);
			runOnlyForDeploymentPostprocessing = 0;
		};
/* End PBXSourcesBuildPhase section */

/* Begin PBXVariantGroup section */
		39572AAD28C6F74D007A9526 /* InfoPlist.strings */ = {
			isa = PBXVariantGroup;
			children = (
				39572AAC28C6F74D007A9526 /* en */,
			);
			name = InfoPlist.strings;
			sourceTree = "<group>";
		};
		39A39BAB28C5A2B80001B638 /* Localizable.strings */ = {
			isa = PBXVariantGroup;
			children = (
				39A39BAA28C5A2B80001B638 /* en */,
				39A39BAC28C5A2BA0001B638 /* zh-Hans */,
			);
			name = Localizable.strings;
			sourceTree = "<group>";
		};
		4B3B9BE4277AFEE50091A74E /* Main.storyboard */ = {
			isa = PBXVariantGroup;
			children = (
				4B3B9BE5277AFEE50091A74E /* Base */,
				0181C0F627BE5EB300A44E80 /* en */,
				01C0FC0F27BE754400C32949 /* zh-Hans */,
			);
			name = Main.storyboard;
			sourceTree = "<group>";
		};
		4B3B9BE9277AFEE70091A74E /* LaunchScreen.storyboard */ = {
			isa = PBXVariantGroup;
			children = (
				4B3B9BEA277AFEE70091A74E /* Base */,
				0181C0F827BE5EB800A44E80 /* en */,
				01C0FC1027BE754500C32949 /* zh-Hans */,
			);
			name = LaunchScreen.storyboard;
			sourceTree = "<group>";
		};
/* End PBXVariantGroup section */

/* Begin XCBuildConfiguration section */
		4B3B9BED277AFEE70091A74E /* Debug */ = {
			isa = XCBuildConfiguration;
			buildSettings = {
				ALWAYS_SEARCH_USER_PATHS = NO;
				CLANG_ANALYZER_LOCALIZABILITY_NONLOCALIZED = YES;
				CLANG_ANALYZER_NONNULL = YES;
				CLANG_ANALYZER_NUMBER_OBJECT_CONVERSION = YES_AGGRESSIVE;
				CLANG_CXX_LANGUAGE_STANDARD = "gnu++17";
				CLANG_CXX_LIBRARY = "libc++";
				CLANG_ENABLE_MODULES = YES;
				CLANG_ENABLE_OBJC_ARC = YES;
				CLANG_ENABLE_OBJC_WEAK = YES;
				CLANG_WARN_BLOCK_CAPTURE_AUTORELEASING = YES;
				CLANG_WARN_BOOL_CONVERSION = YES;
				CLANG_WARN_COMMA = YES;
				CLANG_WARN_CONSTANT_CONVERSION = YES;
				CLANG_WARN_DEPRECATED_OBJC_IMPLEMENTATIONS = YES;
				CLANG_WARN_DIRECT_OBJC_ISA_USAGE = YES_ERROR;
				CLANG_WARN_DOCUMENTATION_COMMENTS = YES;
				CLANG_WARN_EMPTY_BODY = YES;
				CLANG_WARN_ENUM_CONVERSION = YES;
				CLANG_WARN_INFINITE_RECURSION = YES;
				CLANG_WARN_INT_CONVERSION = YES;
				CLANG_WARN_NON_LITERAL_NULL_CONVERSION = YES;
				CLANG_WARN_OBJC_IMPLICIT_RETAIN_SELF = YES;
				CLANG_WARN_OBJC_LITERAL_CONVERSION = YES;
				CLANG_WARN_OBJC_ROOT_CLASS = YES_ERROR;
				CLANG_WARN_QUOTED_INCLUDE_IN_FRAMEWORK_HEADER = YES;
				CLANG_WARN_RANGE_LOOP_ANALYSIS = YES;
				CLANG_WARN_STRICT_PROTOTYPES = YES;
				CLANG_WARN_SUSPICIOUS_MOVE = YES;
				CLANG_WARN_UNGUARDED_AVAILABILITY = YES_AGGRESSIVE;
				CLANG_WARN_UNREACHABLE_CODE = YES;
				CLANG_WARN__DUPLICATE_METHOD_MATCH = YES;
				COPY_PHASE_STRIP = NO;
				DEBUG_INFORMATION_FORMAT = dwarf;
				ENABLE_STRICT_OBJC_MSGSEND = YES;
				ENABLE_TESTABILITY = YES;
				EXCLUDED_ARCHS = armv7;
				GCC_C_LANGUAGE_STANDARD = gnu11;
				GCC_DYNAMIC_NO_PIC = NO;
				GCC_NO_COMMON_BLOCKS = YES;
				GCC_OPTIMIZATION_LEVEL = 0;
				GCC_PREPROCESSOR_DEFINITIONS = (
					"DEBUG=1",
					"$(inherited)",
				);
				GCC_WARN_64_TO_32_BIT_CONVERSION = YES;
				GCC_WARN_ABOUT_RETURN_TYPE = YES_ERROR;
				GCC_WARN_UNDECLARED_SELECTOR = YES;
				GCC_WARN_UNINITIALIZED_AUTOS = YES_AGGRESSIVE;
				GCC_WARN_UNUSED_FUNCTION = YES;
				GCC_WARN_UNUSED_VARIABLE = YES;
				IPHONEOS_DEPLOYMENT_TARGET = 12.0;
				MTL_ENABLE_DEBUG_INFO = INCLUDE_SOURCE;
				MTL_FAST_MATH = YES;
				ONLY_ACTIVE_ARCH = YES;
				SDKROOT = iphoneos;
				SWIFT_ACTIVE_COMPILATION_CONDITIONS = DEBUG;
				SWIFT_OPTIMIZATION_LEVEL = "-Onone";
			};
			name = Debug;
		};
		4B3B9BEE277AFEE70091A74E /* Release */ = {
			isa = XCBuildConfiguration;
			buildSettings = {
				ALWAYS_SEARCH_USER_PATHS = NO;
				CLANG_ANALYZER_LOCALIZABILITY_NONLOCALIZED = YES;
				CLANG_ANALYZER_NONNULL = YES;
				CLANG_ANALYZER_NUMBER_OBJECT_CONVERSION = YES_AGGRESSIVE;
				CLANG_CXX_LANGUAGE_STANDARD = "gnu++17";
				CLANG_CXX_LIBRARY = "libc++";
				CLANG_ENABLE_MODULES = YES;
				CLANG_ENABLE_OBJC_ARC = YES;
				CLANG_ENABLE_OBJC_WEAK = YES;
				CLANG_WARN_BLOCK_CAPTURE_AUTORELEASING = YES;
				CLANG_WARN_BOOL_CONVERSION = YES;
				CLANG_WARN_COMMA = YES;
				CLANG_WARN_CONSTANT_CONVERSION = YES;
				CLANG_WARN_DEPRECATED_OBJC_IMPLEMENTATIONS = YES;
				CLANG_WARN_DIRECT_OBJC_ISA_USAGE = YES_ERROR;
				CLANG_WARN_DOCUMENTATION_COMMENTS = YES;
				CLANG_WARN_EMPTY_BODY = YES;
				CLANG_WARN_ENUM_CONVERSION = YES;
				CLANG_WARN_INFINITE_RECURSION = YES;
				CLANG_WARN_INT_CONVERSION = YES;
				CLANG_WARN_NON_LITERAL_NULL_CONVERSION = YES;
				CLANG_WARN_OBJC_IMPLICIT_RETAIN_SELF = YES;
				CLANG_WARN_OBJC_LITERAL_CONVERSION = YES;
				CLANG_WARN_OBJC_ROOT_CLASS = YES_ERROR;
				CLANG_WARN_QUOTED_INCLUDE_IN_FRAMEWORK_HEADER = YES;
				CLANG_WARN_RANGE_LOOP_ANALYSIS = YES;
				CLANG_WARN_STRICT_PROTOTYPES = YES;
				CLANG_WARN_SUSPICIOUS_MOVE = YES;
				CLANG_WARN_UNGUARDED_AVAILABILITY = YES_AGGRESSIVE;
				CLANG_WARN_UNREACHABLE_CODE = YES;
				CLANG_WARN__DUPLICATE_METHOD_MATCH = YES;
				COPY_PHASE_STRIP = NO;
				DEBUG_INFORMATION_FORMAT = "dwarf-with-dsym";
				ENABLE_NS_ASSERTIONS = NO;
				ENABLE_STRICT_OBJC_MSGSEND = YES;
				EXCLUDED_ARCHS = armv7;
				GCC_C_LANGUAGE_STANDARD = gnu11;
				GCC_NO_COMMON_BLOCKS = YES;
				GCC_WARN_64_TO_32_BIT_CONVERSION = YES;
				GCC_WARN_ABOUT_RETURN_TYPE = YES_ERROR;
				GCC_WARN_UNDECLARED_SELECTOR = YES;
				GCC_WARN_UNINITIALIZED_AUTOS = YES_AGGRESSIVE;
				GCC_WARN_UNUSED_FUNCTION = YES;
				GCC_WARN_UNUSED_VARIABLE = YES;
				IPHONEOS_DEPLOYMENT_TARGET = 12.0;
				MTL_ENABLE_DEBUG_INFO = NO;
				MTL_FAST_MATH = YES;
				SDKROOT = iphoneos;
				SWIFT_COMPILATION_MODE = wholemodule;
				SWIFT_OPTIMIZATION_LEVEL = "-O";
				VALIDATE_PRODUCT = YES;
			};
			name = Release;
		};
		4B3B9BF0277AFEE70091A74E /* Debug */ = {
			isa = XCBuildConfiguration;
			baseConfigurationReference = 9E7069411A7E30901E5E9943 /* Pods-IMQChatExample.debug.xcconfig */;
			buildSettings = {
				ASSETCATALOG_COMPILER_APPICON_NAME = AppIcon;
				ASSETCATALOG_COMPILER_GLOBAL_ACCENT_COLOR_NAME = AccentColor;
				BUILD_LIBRARY_FOR_DISTRIBUTION = NO;
				CLANG_ENABLE_MODULES = YES;
				CODE_SIGN_ENTITLEMENTS = IMQChatExample/IMUIKitExample.entitlements;
				CODE_SIGN_IDENTITY = "Apple Development";
				CODE_SIGN_STYLE = Automatic;
				CURRENT_PROJECT_VERSION = 1;
				DEFINES_MODULE = NO;
				DEVELOPMENT_TEAM = 569GNZ5392;
				ENABLE_BITCODE = NO;
				GENERATE_INFOPLIST_FILE = YES;
				INFOPLIST_FILE = IMQChatExample/Info.plist;
				INFOPLIST_KEY_CFBundleDisplayName = "云信IM";
				INFOPLIST_KEY_NSCameraUsageDescription = "若不允许，你将无法导入照片";
				INFOPLIST_KEY_NSMicrophoneUsageDescription = "想使用您的麦克风";
				INFOPLIST_KEY_NSPhotoLibraryAddUsageDescription = "将要保存图片到相册";
				INFOPLIST_KEY_NSPhotoLibraryUsageDescription = "若不允许，你将无法拍摄照片";
				INFOPLIST_KEY_UIApplicationSupportsIndirectInputEvents = YES;
				INFOPLIST_KEY_UILaunchStoryboardName = LaunchScreen;
				INFOPLIST_KEY_UIMainStoryboardFile = Main;
				INFOPLIST_KEY_UISupportedInterfaceOrientations = UIInterfaceOrientationPortrait;
				INFOPLIST_KEY_UISupportedInterfaceOrientations_iPad = "UIInterfaceOrientationPortrait UIInterfaceOrientationPortraitUpsideDown UIInterfaceOrientationLandscapeLeft UIInterfaceOrientationLandscapeRight";
				INFOPLIST_KEY_UISupportedInterfaceOrientations_iPhone = "UIInterfaceOrientationPortrait UIInterfaceOrientationLandscapeLeft UIInterfaceOrientationLandscapeRight";
				INFOPLIST_KEY_UIUserInterfaceStyle = Light;
				IPHONEOS_DEPLOYMENT_TARGET = 11.0;
				LD_RUNPATH_SEARCH_PATHS = (
					"$(inherited)",
					"@executable_path/Frameworks",
				);
				LIBRARY_SEARCH_PATHS = (
					"$(inherited)",
					"$(SDKROOT)/usr/lib/swift",
				);
				MARKETING_VERSION = 9.5.4;
				PRODUCT_BUNDLE_IDENTIFIER = com.netease.yunxin.app.im;
				PRODUCT_NAME = "$(TARGET_NAME)";
				PROVISIONING_PROFILE_SPECIFIER = "";
				SWIFT_EMIT_LOC_STRINGS = YES;
				SWIFT_OBJC_BRIDGING_HEADER = "IMQChatExample/IMUIKitExample-Bridging-Header.h";
				SWIFT_OPTIMIZATION_LEVEL = "-Onone";
				SWIFT_VERSION = 5.0;
				TARGETED_DEVICE_FAMILY = "1,2";
			};
			name = Debug;
		};
		4B3B9BF1277AFEE70091A74E /* Release */ = {
			isa = XCBuildConfiguration;
			baseConfigurationReference = D5757FFF2530367EF0005899 /* Pods-IMQChatExample.release.xcconfig */;
			buildSettings = {
				ASSETCATALOG_COMPILER_APPICON_NAME = AppIcon;
				ASSETCATALOG_COMPILER_GLOBAL_ACCENT_COLOR_NAME = AccentColor;
				BUILD_LIBRARY_FOR_DISTRIBUTION = NO;
				CLANG_ENABLE_MODULES = YES;
				CODE_SIGN_ENTITLEMENTS = IMQChatExample/IMUIKitExample.entitlements;
				CODE_SIGN_IDENTITY = "Apple Development";
				CODE_SIGN_STYLE = Automatic;
				CURRENT_PROJECT_VERSION = 1;
				DEFINES_MODULE = NO;
				DEVELOPMENT_TEAM = 569GNZ5392;
				ENABLE_BITCODE = NO;
				GENERATE_INFOPLIST_FILE = YES;
				INFOPLIST_FILE = IMQChatExample/Info.plist;
				INFOPLIST_KEY_CFBundleDisplayName = "云信IM";
				INFOPLIST_KEY_NSCameraUsageDescription = "若不允许，你将无法导入照片";
				INFOPLIST_KEY_NSMicrophoneUsageDescription = "想使用您的麦克风";
				INFOPLIST_KEY_NSPhotoLibraryAddUsageDescription = "将要保存图片到相册";
				INFOPLIST_KEY_NSPhotoLibraryUsageDescription = "若不允许，你将无法拍摄照片";
				INFOPLIST_KEY_UIApplicationSupportsIndirectInputEvents = YES;
				INFOPLIST_KEY_UILaunchStoryboardName = LaunchScreen;
				INFOPLIST_KEY_UIMainStoryboardFile = Main;
				INFOPLIST_KEY_UISupportedInterfaceOrientations = UIInterfaceOrientationPortrait;
				INFOPLIST_KEY_UISupportedInterfaceOrientations_iPad = "UIInterfaceOrientationPortrait UIInterfaceOrientationPortraitUpsideDown UIInterfaceOrientationLandscapeLeft UIInterfaceOrientationLandscapeRight";
				INFOPLIST_KEY_UISupportedInterfaceOrientations_iPhone = "UIInterfaceOrientationPortrait UIInterfaceOrientationLandscapeLeft UIInterfaceOrientationLandscapeRight";
				INFOPLIST_KEY_UIUserInterfaceStyle = Light;
				IPHONEOS_DEPLOYMENT_TARGET = 11.0;
				LD_RUNPATH_SEARCH_PATHS = (
					"$(inherited)",
					"@executable_path/Frameworks",
				);
				LIBRARY_SEARCH_PATHS = (
					"$(inherited)",
					"$(SDKROOT)/usr/lib/swift",
				);
				MARKETING_VERSION = 9.5.4;
				PRODUCT_BUNDLE_IDENTIFIER = com.netease.yunxin.app.im;
				PRODUCT_NAME = "$(TARGET_NAME)";
				PROVISIONING_PROFILE_SPECIFIER = "";
				SWIFT_EMIT_LOC_STRINGS = YES;
				SWIFT_OBJC_BRIDGING_HEADER = "IMQChatExample/IMUIKitExample-Bridging-Header.h";
				SWIFT_VERSION = 5.0;
				TARGETED_DEVICE_FAMILY = "1,2";
			};
			name = Release;
		};
/* End XCBuildConfiguration section */

/* Begin XCConfigurationList section */
		4B3B9BD6277AFEE50091A74E /* Build configuration list for PBXProject "IMQChatExample" */ = {
			isa = XCConfigurationList;
			buildConfigurations = (
				4B3B9BED277AFEE70091A74E /* Debug */,
				4B3B9BEE277AFEE70091A74E /* Release */,
			);
			defaultConfigurationIsVisible = 0;
			defaultConfigurationName = Release;
		};
		4B3B9BEF277AFEE70091A74E /* Build configuration list for PBXNativeTarget "IMQChatExample" */ = {
			isa = XCConfigurationList;
			buildConfigurations = (
				4B3B9BF0277AFEE70091A74E /* Debug */,
				4B3B9BF1277AFEE70091A74E /* Release */,
			);
			defaultConfigurationIsVisible = 0;
			defaultConfigurationName = Release;
		};
/* End XCConfigurationList section */
	};
	rootObject = 4B3B9BD3277AFEE50091A74E /* Project object */;
}
